# This file is autogenerated, do not edit; changes may be undone by the next 'dep ensure'.


[[projects]]
  branch = "go1"
  digest = "1:814d5ae51cf885821cd83c4065fe929f8b86e0252f9061517afa8fca21afc903"
  name = "github.com/adityayuga/goexif"
  packages = [
    "exif",
    "mknote",
    "tiff",
  ]
  pruneopts = ""
  revision = "9878859a52538a6e0d38b1b18e4c693d19f0b937"

[[projects]]
  branch = "master"
  digest = "1:50912bde9d318d901f5bf239025b11e5e6dacc80116fba86cf30f4035258649d"
  name = "github.com/go-chi/chi"
  packages = ["."]
  pruneopts = ""
  revision = "906b567ebae89be14ccf532cdf29dd57645adc4a"

[[projects]]
  branch = "r1.7"
  digest = "1:f2dde363aa0bffeee85f4251c705231f6843f4dc577cdb772f4c25bc3e1ea56e"
  name = "github.com/tensorflow/tensorflow"
  packages = [
    "tensorflow/go",
    "tensorflow/go/op",
  ]
  pruneopts = ""
  revision = "9156fcc7a8a901ca9e553297da8237a313255bd8"

[[projects]]
  digest = "1:40edfa62a1a38e39c0a6d38b40dcb4a448565aa1b42679745e0e4a43376ddabf"
  name = "gocv.io/x/gocv"
  packages = ["."]
  pruneopts = ""
  revision = "bc016e27fba3560070e16affd605768d68110867"
  version = "v0.17.0"

[solve-meta]
  analyzer-name = "dep"
  analyzer-version = 1
  input-imports = [
    "github.com/adityayuga/goexif/exif",
    "github.com/adityayuga/goexif/mknote",
    "github.com/go-chi/chi",
    "github.com/tensorflow/tensorflow/tensorflow/go",
    "github.com/tensorflow/tensorflow/tensorflow/go/op",
    "gocv.io/x/gocv",
  ]
  solver-name = "gps-cdcl"
  solver-version = 1
